{
  "version": 4,
  "terraform_version": "1.3.3",
  "serial": 50,
  "lineage": "a91166b7-556b-0dd8-2bba-d6c50079e73b",
  "outputs": {},
  "resources": [
    {
      "mode": "data",
      "type": "scaleway_account_ssh_key",
      "name": "rdom_ssh",
      "provider": "provider[\"registry.terraform.io/scaleway/scaleway\"]",
      "instances": [
        {
          "schema_version": 0,
          "attributes": {
            "id": "ee3c3e00-a919-4cf8-a43b-94092a143015",
            "name": "ssh_key_rdom",
            "organization_id": "b90cf4f6-2921-4c23-b5b9-60a456590666",
            "project_id": "59972b2a-5ceb-447d-9266-ef00f9591ce1",
            "public_key": "ssh-rsa AAAAB3NzaC1yc2EAAAADAQABAAABgQCYPjZKZJ8ez4qVzKp8Py6jI8PQjNMUGsmUIX/rgkzYwU0Ys/WZV4u696heh4+Mp+I799ZPYVQhi8ADGfWzx8DTB7jmnwGo5jNvGwFl4q6d1Z5sS6r1nJj9zgy4q8JP1MV8xNtSzdShdbMlQfXy8Gy6pMIQZNl6T7Sgm37Jp3InFWI2b0YlDmQ9c9/j3p9ybwpdNQHD6pp/Ag6XJ5kFHsjx5EoLN5zLXni2qgAodJrKBXZln/9EwCZFuXfLYxh4olZfKXJZ823+odb+njkERxYvJytY6Fz5N/uxjZyfVj4DFmigGCgHUC+xElLa+1VrL1k7EGYJYuuXDqehGnLLf5Fx5/ZHbw8qQxd9cQuqk4ruSq54phNZy9Rxqg/RFe3361rdYB9G7GwkIo5FoFnnO0lxCqNNjDwjA9bCB4399dbN4QDNcHEO9e6A99VJboIemxy0C73CPz84H6JX1B3jwv/mqu8qhzcXlfS4o0THnC/vAvnHzqkD0xv9+iYD6BnkZ08= root@vortex",
            "ssh_key_id": "ee3c3e00-a919-4cf8-a43b-94092a143015"
          },
          "sensitive_attributes": []
        }
      ]
    },
    {
      "mode": "managed",
      "type": "scaleway_instance_ip",
      "name": "rdom_inst_ip",
      "provider": "provider[\"registry.terraform.io/scaleway/scaleway\"]",
      "instances": [
        {
          "schema_version": 0,
          "attributes": {
            "address": "51.158.124.238",
            "id": "fr-par-1/2d96f63e-3be9-4e5f-9b77-b78f80c82eba",
            "organization_id": "b90cf4f6-2921-4c23-b5b9-60a456590666",
            "project_id": "59972b2a-5ceb-447d-9266-ef00f9591ce1",
            "reverse": "",
            "server_id": "fr-par-1/621fc340-c11d-41c4-8434-f49d0355f0b8",
            "tags": null,
            "timeouts": null,
            "zone": "fr-par-1"
          },
          "sensitive_attributes": [],
          "private": "eyJlMmJmYjczMC1lY2FhLTExZTYtOGY4OC0zNDM2M2JjN2M0YzAiOnsiY3JlYXRlIjo2MDAwMDAwMDAwMCwiZGVmYXVsdCI6NjAwMDAwMDAwMDAsImRlbGV0ZSI6NjAwMDAwMDAwMDAsInJlYWQiOjYwMDAwMDAwMDAwLCJ1cGRhdGUiOjYwMDAwMDAwMDAwfX0="
        }
      ]
    },
    {
      "mode": "managed",
      "type": "scaleway_instance_security_group",
      "name": "rdom_sg_inst",
      "provider": "provider[\"registry.terraform.io/scaleway/scaleway\"]",
      "instances": [
        {
          "schema_version": 0,
          "attributes": {
            "description": "",
            "enable_default_security": true,
            "external_rules": false,
            "id": "fr-par-1/2116f35d-bafa-4b45-b429-cab82c98faa4",
            "inbound_default_policy": "drop",
            "inbound_rule": [
              {
                "action": "accept",
                "ip": "176.149.99.169",
                "ip_range": "",
                "port": 22,
                "port_range": "",
                "protocol": "TCP"
              },
              {
                "action": "accept",
                "ip": "",
                "ip_range": "",
                "port": 80,
                "port_range": "",
                "protocol": "TCP"
              }
            ],
            "name": "tf-sg-kind-chebyshev",
            "organization_id": "b90cf4f6-2921-4c23-b5b9-60a456590666",
            "outbound_default_policy": "accept",
            "outbound_rule": [],
            "project_id": "59972b2a-5ceb-447d-9266-ef00f9591ce1",
            "stateful": true,
            "tags": [],
            "timeouts": null,
            "zone": "fr-par-1"
          },
          "sensitive_attributes": [],
          "private": "eyJlMmJmYjczMC1lY2FhLTExZTYtOGY4OC0zNDM2M2JjN2M0YzAiOnsiY3JlYXRlIjo2MDAwMDAwMDAwMCwiZGVmYXVsdCI6NjAwMDAwMDAwMDAsImRlbGV0ZSI6NjAwMDAwMDAwMDAsInJlYWQiOjYwMDAwMDAwMDAwLCJ1cGRhdGUiOjYwMDAwMDAwMDAwfX0="
        }
      ]
    },
    {
      "mode": "managed",
      "type": "scaleway_instance_server",
      "name": "rdom_inst",
      "provider": "provider[\"registry.terraform.io/scaleway/scaleway\"]",
      "instances": [
        {
          "schema_version": 0,
          "attributes": {
            "additional_volume_ids": [],
            "boot_type": "local",
            "bootscript_id": "fdfe150f-a870-4ce4-b432-9f56b5b995c1",
            "cloud_init": null,
            "enable_dynamic_ip": false,
            "enable_ipv6": false,
            "id": "fr-par-1/621fc340-c11d-41c4-8434-f49d0355f0b8",
            "image": "ubuntu_jammy",
            "ip_id": "fr-par-1/2d96f63e-3be9-4e5f-9b77-b78f80c82eba",
            "ipv6_address": "",
            "ipv6_gateway": "",
            "ipv6_prefix_length": 0,
            "name": "rdom-inst",
            "organization_id": "b90cf4f6-2921-4c23-b5b9-60a456590666",
            "placement_group_id": null,
            "placement_group_policy_respected": null,
            "private_ip": "10.72.16.19",
            "private_network": [
              {
                "mac_address": "02:00:00:11:92:bf",
                "pn_id": "fr-par-1/3c9ae7cd-cfde-4f33-a7d3-a7d593046eab",
                "status": "available",
                "zone": "fr-par-1"
              }
            ],
            "project_id": "59972b2a-5ceb-447d-9266-ef00f9591ce1",
            "public_ip": "51.158.124.238",
            "root_volume": [
              {
                "boot": false,
                "delete_on_termination": false,
                "name": "ubuntu_22.04_jammy:volume-0",
                "size_in_gb": 20,
                "volume_id": "fr-par-1/a8f2e06b-e18d-4575-97aa-b08801b59718",
                "volume_type": "l_ssd"
              }
            ],
            "security_group_id": "fr-par-1/2116f35d-bafa-4b45-b429-cab82c98faa4",
            "state": "started",
            "tags": null,
            "timeouts": null,
            "type": "DEV1-S",
            "user_data": null,
            "zone": "fr-par-1"
          },
          "sensitive_attributes": [],
          "private": "eyJlMmJmYjczMC1lY2FhLTExZTYtOGY4OC0zNDM2M2JjN2M0YzAiOnsiY3JlYXRlIjo2MDAwMDAwMDAwMDAsImRlZmF1bHQiOjYwMDAwMDAwMDAwMCwiZGVsZXRlIjo2MDAwMDAwMDAwMDAsInJlYWQiOjYwMDAwMDAwMDAwMCwidXBkYXRlIjo2MDAwMDAwMDAwMDB9fQ==",
          "dependencies": [
            "scaleway_instance_ip.rdom_inst_ip",
            "scaleway_instance_security_group.rdom_sg_inst",
            "scaleway_vpc_private_network.rdom_vpc"
          ]
        }
      ]
    },
    {
      "mode": "managed",
      "type": "scaleway_rdb_database",
      "name": "main",
      "provider": "provider[\"registry.terraform.io/scaleway/scaleway\"]",
      "instances": [
        {
          "schema_version": 0,
          "attributes": {
            "id": "fr-par/017ccde6-79a2-416d-95af-29484486226f/rdomdb",
            "instance_id": "fr-par/017ccde6-79a2-416d-95af-29484486226f",
            "managed": true,
            "name": "rdomdb",
            "owner": "",
            "size": "0",
            "timeouts": null
          },
          "sensitive_attributes": [],
          "private": "eyJlMmJmYjczMC1lY2FhLTExZTYtOGY4OC0zNDM2M2JjN2M0YzAiOnsiY3JlYXRlIjo5MDAwMDAwMDAwMDAsImRlZmF1bHQiOjkwMDAwMDAwMDAwMCwiZGVsZXRlIjo5MDAwMDAwMDAwMDAsInJlYWQiOjkwMDAwMDAwMDAwMCwidXBkYXRlIjo5MDAwMDAwMDAwMDB9fQ==",
          "dependencies": [
            "scaleway_rdb_instance.main",
            "scaleway_vpc_private_network.rdom_vpc"
          ]
        }
      ]
    },
    {
      "mode": "managed",
      "type": "scaleway_rdb_instance",
      "name": "main",
      "provider": "provider[\"registry.terraform.io/scaleway/scaleway\"]",
      "instances": [
        {
          "schema_version": 0,
          "attributes": {
            "backup_same_region": false,
            "backup_schedule_frequency": 24,
            "backup_schedule_retention": 7,
            "certificate": "-----BEGIN CERTIFICATE-----\nMIID+zCCAuOgAwIBAgIUE+0zr3ESWUtr5tzcXoithxE0dGswDQYJKoZIhvcNAQEL\nBQAwgYcxCzAJBgNVBAYTAkZSMQ4wDAYDVQQIDAVQYXJpczEOMAwGA1UEBwwFUGFy\naXMxETAPBgNVBAoMCFNjYWxld2F5MUUwQwYDVQQDDDxydy0wMTdjY2RlNi03OWEy\nLTQxNmQtOTVhZi0yOTQ4NDQ4NjIyNmYucmRiLmZyLXBhci5zY3cuY2xvdWQwHhcN\nMjIxMDMwMTQwNzAwWhcNMzIxMDI3MTQwNzAwWjCBhzELMAkGA1UEBhMCRlIxDjAM\nBgNVBAgMBVBhcmlzMQ4wDAYDVQQHDAVQYXJpczERMA8GA1UECgwIU2NhbGV3YXkx\nRTBDBgNVBAMMPHJ3LTAxN2NjZGU2LTc5YTItNDE2ZC05NWFmLTI5NDg0NDg2MjI2\nZi5yZGIuZnItcGFyLnNjdy5jbG91ZDCCASIwDQYJKoZIhvcNAQEBBQADggEPADCC\nAQoCggEBALOjougNqbW9LIOTn4SFY8jG7CLZ9x4MXL8q0EBd5naJ0j9s6OqvlDkM\nz9xYcpbIXddT7gb4CCyorFlAY+aCLAMo9gpxeIiqOp5+hgQrdqVRyq86MbZD6PdD\nkHnF9PEL10L19RGoShuiCOvVtLzzog54cHzaMNX3HHCEgpjfhnZgoBeNtfCMdRXi\nia0wI4HnEQMmB+FWoXo4Z0WMxj3n8DC+Gq9ssKRpQ3UGBVoelFWQ+U6ia9XPy3jv\naXlRW2dvV/jPaTcFb0ZH38GQqDXvTaYxpquY44U1VBvAEHTycxr5bdYvApijncfY\ncTYawzdrUeDx/KcjIU4DYMJkdAHR/uECAwEAAaNdMFswWQYDVR0RBFIwUII8cnct\nMDE3Y2NkZTYtNzlhMi00MTZkLTk1YWYtMjk0ODQ0ODYyMjZmLnJkYi5mci1wYXIu\nc2N3LmNsb3VkhwTUL/fShwSjrJrOhwQznxuKMA0GCSqGSIb3DQEBCwUAA4IBAQAJ\nmjEJKUPH3dlY6bBlMtAwAMBkKPjnAg5co9HoR/gpfZIYOJ0gs/FGI1IcdZCGgVAX\nuUCS3s+y8zhT7XXtIdWbn2wxe21OePxSo+8SSSb18xMGtb9ldTpPEFrS6QhMmHHH\nQ7PInRV+sm3fnMkIuXKCVk0u6uKhXpaJs67kDKITft+Vx41CLErPASrpFqT4UNjr\nlQ1KUjtHrQ4eFR2WmfgQiqVgu1+Bc2pRrdiEg8C4f7cjaojUbl+5tDP6VNp631ds\nga6xeTmWv4aEdJMpo9QNgqK3U2h3LM14qMgEAezR/3IAGHFa2o23KYMhi0nE8vaM\nzOMBmG3S2ej9JT1SPLpn\n-----END CERTIFICATE-----\n",
            "disable_backup": true,
            "endpoint_ip": "51.159.27.138",
            "endpoint_port": 61577,
            "engine": "MySQL-8",
            "id": "fr-par/017ccde6-79a2-416d-95af-29484486226f",
            "is_ha_cluster": true,
            "load_balancer": [
              {
                "endpoint_id": "4cde973b-9d0c-4ea0-9c19-8d2617c6c380",
                "hostname": "",
                "ip": "51.159.27.138",
                "name": "",
                "port": 61577
              }
            ],
            "name": "rdom-rdb",
            "node_type": "db-dev-s",
            "organization_id": "b90cf4f6-2921-4c23-b5b9-60a456590666",
            "password": "Azerty77$",
            "private_network": [
              {
                "endpoint_id": "9b60c9e5-5d24-49e3-9aa9-f6794389b9f4",
                "hostname": "",
                "ip": "10.100.14.220",
                "ip_net": "10.100.14.220/24",
                "name": "",
                "pn_id": "fr-par-1/3c9ae7cd-cfde-4f33-a7d3-a7d593046eab",
                "port": 3306,
                "zone": ""
              }
            ],
            "project_id": "59972b2a-5ceb-447d-9266-ef00f9591ce1",
            "read_replicas": [],
            "region": "fr-par",
            "settings": {
              "max_connections": "100"
            },
            "tags": null,
            "timeouts": null,
            "user_name": "romain",
            "volume_size_in_gb": 5,
            "volume_type": "lssd"
          },
          "sensitive_attributes": [],
          "private": "eyJlMmJmYjczMC1lY2FhLTExZTYtOGY4OC0zNDM2M2JjN2M0YzAiOnsiY3JlYXRlIjo5MDAwMDAwMDAwMDAsImRlZmF1bHQiOjkwMDAwMDAwMDAwMCwiZGVsZXRlIjo5MDAwMDAwMDAwMDAsInJlYWQiOjkwMDAwMDAwMDAwMCwidXBkYXRlIjo5MDAwMDAwMDAwMDB9fQ==",
          "dependencies": [
            "scaleway_vpc_private_network.rdom_vpc"
          ]
        }
      ]
    },
    {
      "mode": "managed",
      "type": "scaleway_vpc_gateway_network",
      "name": "main",
      "provider": "provider[\"registry.terraform.io/scaleway/scaleway\"]",
      "instances": [
        {
          "schema_version": 0,
          "attributes": {
            "cleanup_dhcp": true,
            "created_at": "2022-10-30T15:24:22Z",
            "dhcp_id": "fr-par-1/13d6811c-da0b-4fc4-94a5-e393e4c4520d",
            "enable_dhcp": true,
            "enable_masquerade": true,
            "gateway_id": "fr-par-1/37e6fab2-1e70-4e9a-a4bb-f8c5eefeb841",
            "id": "fr-par-1/dc50cf04-d965-4716-adc0-0dc2a181c29f",
            "mac_address": "02:00:00:11:92:c4",
            "private_network_id": "fr-par-1/3c9ae7cd-cfde-4f33-a7d3-a7d593046eab",
            "static_address": null,
            "timeouts": null,
            "updated_at": "2022-10-30T15:24:28Z",
            "zone": "fr-par-1"
          },
          "sensitive_attributes": [],
          "private": "eyJlMmJmYjczMC1lY2FhLTExZTYtOGY4OC0zNDM2M2JjN2M0YzAiOnsiY3JlYXRlIjo2MDAwMDAwMDAwMDAsImRlZmF1bHQiOjYwMDAwMDAwMDAwMCwiZGVsZXRlIjo2MDAwMDAwMDAwMDAsInJlYWQiOjYwMDAwMDAwMDAwMCwidXBkYXRlIjo2MDAwMDAwMDAwMDB9fQ==",
          "dependencies": [
            "scaleway_vpc_private_network.rdom_vpc",
            "scaleway_vpc_public_gateway.main",
            "scaleway_vpc_public_gateway_dhcp.main",
            "scaleway_vpc_public_gateway_ip.main"
          ]
        }
      ]
    },
    {
      "mode": "managed",
      "type": "scaleway_vpc_private_network",
      "name": "rdom_vpc",
      "provider": "provider[\"registry.terraform.io/scaleway/scaleway\"]",
      "instances": [
        {
          "schema_version": 0,
          "attributes": {
            "created_at": "2022-10-30T14:59:03Z",
            "id": "fr-par-1/3c9ae7cd-cfde-4f33-a7d3-a7d593046eab",
            "name": "pvig_subnet",
            "organization_id": "b90cf4f6-2921-4c23-b5b9-60a456590666",
            "project_id": "59972b2a-5ceb-447d-9266-ef00f9591ce1",
            "tags": [],
            "updated_at": "2022-10-30T15:24:16Z",
            "zone": "fr-par-1"
          },
          "sensitive_attributes": [],
          "private": "bnVsbA=="
        }
      ]
    },
    {
      "mode": "managed",
      "type": "scaleway_vpc_public_gateway",
      "name": "main",
      "provider": "provider[\"registry.terraform.io/scaleway/scaleway\"]",
      "instances": [
        {
          "schema_version": 0,
          "attributes": {
            "bastion_enabled": false,
            "bastion_port": 61000,
            "created_at": "2022-10-30T15:24:16Z",
            "enable_smtp": false,
            "id": "fr-par-1/37e6fab2-1e70-4e9a-a4bb-f8c5eefeb841",
            "ip_id": "fr-par-1/d7a6d570-81d4-4a46-adc7-2c34ea97e0c2",
            "name": "rdom-gate",
            "organization_id": "b90cf4f6-2921-4c23-b5b9-60a456590666",
            "project_id": "59972b2a-5ceb-447d-9266-ef00f9591ce1",
            "tags": null,
            "timeouts": null,
            "type": "VPC-GW-S",
            "updated_at": "2022-10-30T15:24:17Z",
            "upstream_dns_servers": null,
            "zone": "fr-par-1"
          },
          "sensitive_attributes": [],
          "private": "eyJlMmJmYjczMC1lY2FhLTExZTYtOGY4OC0zNDM2M2JjN2M0YzAiOnsiY3JlYXRlIjo2MDAwMDAwMDAwMDAsImRlZmF1bHQiOjYwMDAwMDAwMDAwMCwiZGVsZXRlIjo2MDAwMDAwMDAwMDAsInJlYWQiOjYwMDAwMDAwMDAwMCwidXBkYXRlIjo2MDAwMDAwMDAwMDB9fQ==",
          "dependencies": [
            "scaleway_vpc_public_gateway_ip.main"
          ]
        }
      ]
    },
    {
      "mode": "managed",
      "type": "scaleway_vpc_public_gateway_dhcp",
      "name": "main",
      "provider": "provider[\"registry.terraform.io/scaleway/scaleway\"]",
      "instances": [
        {
          "schema_version": 0,
          "attributes": {
            "address": "10.100.14.1",
            "created_at": "2022-10-30T15:24:16Z",
            "dns_local_name": "priv",
            "dns_search": [],
            "dns_servers_override": [],
            "enable_dynamic": true,
            "id": "fr-par-1/13d6811c-da0b-4fc4-94a5-e393e4c4520d",
            "organization_id": "b90cf4f6-2921-4c23-b5b9-60a456590666",
            "pool_high": "10.100.14.254",
            "pool_low": "10.100.14.2",
            "project_id": "59972b2a-5ceb-447d-9266-ef00f9591ce1",
            "push_default_route": true,
            "push_dns_server": true,
            "rebind_timer": 3060,
            "renew_timer": 3000,
            "subnet": "10.100.14.0/24",
            "updated_at": "2022-10-30T15:24:16Z",
            "valid_lifetime": 3600,
            "zone": "fr-par-1"
          },
          "sensitive_attributes": [],
          "private": "bnVsbA=="
        }
      ]
    },
    {
      "mode": "managed",
      "type": "scaleway_vpc_public_gateway_ip",
      "name": "main",
      "provider": "provider[\"registry.terraform.io/scaleway/scaleway\"]",
      "instances": [
        {
          "schema_version": 0,
          "attributes": {
            "address": "212.47.229.102",
            "created_at": "2022-10-30T15:24:16Z",
            "id": "fr-par-1/d7a6d570-81d4-4a46-adc7-2c34ea97e0c2",
            "organization_id": "b90cf4f6-2921-4c23-b5b9-60a456590666",
            "project_id": "59972b2a-5ceb-447d-9266-ef00f9591ce1",
            "reverse": "102-229-47-212.instances.scw.cloud",
            "tags": null,
            "updated_at": "2022-10-30T15:24:16Z",
            "zone": "fr-par-1"
          },
          "sensitive_attributes": [],
          "private": "bnVsbA=="
        }
      ]
    },
    {
      "mode": "managed",
      "type": "scaleway_vpc_public_gateway_pat_rule",
      "name": "main",
      "provider": "provider[\"registry.terraform.io/scaleway/scaleway\"]",
      "instances": [
        {
          "schema_version": 0,
          "attributes": {
            "created_at": "2022-10-30T15:24:33Z",
            "gateway_id": "fr-par-1/37e6fab2-1e70-4e9a-a4bb-f8c5eefeb841",
            "id": "fr-par-1/b946d400-387c-4634-9a92-6e1e031a3d64",
            "organization_id": null,
            "private_ip": "10.100.14.1",
            "private_port": 3306,
            "protocol": "both",
            "public_port": 42,
            "timeouts": null,
            "updated_at": "2022-10-30T15:24:33Z",
            "zone": "fr-par-1"
          },
          "sensitive_attributes": [],
          "private": "eyJlMmJmYjczMC1lY2FhLTExZTYtOGY4OC0zNDM2M2JjN2M0YzAiOnsiY3JlYXRlIjo2MDAwMDAwMDAwMDAsImRlZmF1bHQiOjYwMDAwMDAwMDAwMCwiZGVsZXRlIjo2MDAwMDAwMDAwMDAsInJlYWQiOjYwMDAwMDAwMDAwMCwidXBkYXRlIjo2MDAwMDAwMDAwMDB9fQ==",
          "dependencies": [
            "scaleway_rdb_instance.main",
            "scaleway_vpc_gateway_network.main",
            "scaleway_vpc_private_network.rdom_vpc",
            "scaleway_vpc_public_gateway.main",
            "scaleway_vpc_public_gateway_dhcp.main",
            "scaleway_vpc_public_gateway_ip.main"
          ]
        }
      ]
    }
  ],
  "check_results": []
}
