{
  "version": 4,
  "terraform_version": "1.3.3",
  "serial": 25,
  "lineage": "d9f0c820-69d3-fcf6-cf66-df5ca9964d8d",
  "outputs": {},
  "resources": [
    {
      "mode": "managed",
      "type": "scaleway_instance_ip",
      "name": "pvig_ins_ip",
      "provider": "provider[\"registry.terraform.io/scaleway/scaleway\"]",
      "instances": [
        {
          "schema_version": 0,
          "attributes": {
            "address": "163.172.130.18",
            "id": "fr-par-1/0a778b83-b5f7-4708-942e-6efcd4b0d7e1",
            "organization_id": "b90cf4f6-2921-4c23-b5b9-60a456590666",
            "project_id": "59972b2a-5ceb-447d-9266-ef00f9591ce1",
            "reverse": "",
            "server_id": "",
            "tags": null,
            "timeouts": null,
            "zone": "fr-par-1"
          },
          "sensitive_attributes": [],
          "private": "eyJlMmJmYjczMC1lY2FhLTExZTYtOGY4OC0zNDM2M2JjN2M0YzAiOnsiY3JlYXRlIjo2MDAwMDAwMDAwMCwiZGVmYXVsdCI6NjAwMDAwMDAwMDAsImRlbGV0ZSI6NjAwMDAwMDAwMDAsInJlYWQiOjYwMDAwMDAwMDAwLCJ1cGRhdGUiOjYwMDAwMDAwMDAwfX0="
        }
      ]
    },
    {
      "mode": "managed",
      "type": "scaleway_instance_security_group",
      "name": "pvig_sg",
      "provider": "provider[\"registry.terraform.io/scaleway/scaleway\"]",
      "instances": [
        {
          "schema_version": 0,
          "attributes": {
            "description": "",
            "enable_default_security": true,
            "external_rules": false,
            "id": "fr-par-1/d0f9e5db-c9b3-408b-94a3-f368e1285556",
            "inbound_default_policy": "drop",
            "inbound_rule": [
              {
                "action": "accept",
                "ip": "85.169.101.162",
                "ip_range": "",
                "port": 22,
                "port_range": "",
                "protocol": "TCP"
              }
            ],
            "name": "tf-sg-bold-borg",
            "organization_id": "b90cf4f6-2921-4c23-b5b9-60a456590666",
            "outbound_default_policy": "accept",
            "outbound_rule": [],
            "project_id": "59972b2a-5ceb-447d-9266-ef00f9591ce1",
            "stateful": true,
            "tags": [],
            "timeouts": null,
            "zone": "fr-par-1"
          },
          "sensitive_attributes": [],
          "private": "eyJlMmJmYjczMC1lY2FhLTExZTYtOGY4OC0zNDM2M2JjN2M0YzAiOnsiY3JlYXRlIjo2MDAwMDAwMDAwMCwiZGVmYXVsdCI6NjAwMDAwMDAwMDAsImRlbGV0ZSI6NjAwMDAwMDAwMDAsInJlYWQiOjYwMDAwMDAwMDAwLCJ1cGRhdGUiOjYwMDAwMDAwMDAwfX0="
        }
      ]
    },
    {
      "mode": "managed",
      "type": "scaleway_instance_server",
      "name": "web",
      "provider": "provider[\"registry.terraform.io/scaleway/scaleway\"]",
      "instances": []
    },
    {
      "mode": "managed",
      "type": "scaleway_instance_volume",
      "name": "data",
      "provider": "provider[\"registry.terraform.io/scaleway/scaleway\"]",
      "instances": [
        {
          "schema_version": 0,
          "attributes": {
            "from_snapshot_id": null,
            "from_volume_id": null,
            "id": "fr-par-1/6ff12c2d-0eb2-431e-8269-2789e76798ae",
            "name": "tf-vol-inspiring-gagarin",
            "organization_id": "b90cf4f6-2921-4c23-b5b9-60a456590666",
            "project_id": "59972b2a-5ceb-447d-9266-ef00f9591ce1",
            "server_id": "",
            "size_in_gb": 30,
            "tags": [],
            "timeouts": null,
            "type": "b_ssd",
            "zone": "fr-par-1"
          },
          "sensitive_attributes": [],
          "private": "eyJlMmJmYjczMC1lY2FhLTExZTYtOGY4OC0zNDM2M2JjN2M0YzAiOnsiY3JlYXRlIjo2MDAwMDAwMDAwMDAsImRlZmF1bHQiOjYwMDAwMDAwMDAwMCwiZGVsZXRlIjo2MDAwMDAwMDAwMDAsInJlYWQiOjYwMDAwMDAwMDAwMCwidXBkYXRlIjo2MDAwMDAwMDAwMDB9fQ=="
        }
      ]
    },
    {
      "mode": "managed",
      "type": "scaleway_rdb_database",
      "name": "main",
      "provider": "provider[\"registry.terraform.io/scaleway/scaleway\"]",
      "instances": [
        {
          "schema_version": 0,
          "attributes": {
            "id": "fr-par/d50e124a-e5cb-4e93-9268-13b60fd8b042/my-new-database",
            "instance_id": "fr-par/d50e124a-e5cb-4e93-9268-13b60fd8b042",
            "managed": true,
            "name": "my-new-database",
            "owner": "",
            "size": "0",
            "timeouts": null
          },
          "sensitive_attributes": [],
          "private": "eyJlMmJmYjczMC1lY2FhLTExZTYtOGY4OC0zNDM2M2JjN2M0YzAiOnsiY3JlYXRlIjo5MDAwMDAwMDAwMDAsImRlZmF1bHQiOjkwMDAwMDAwMDAwMCwiZGVsZXRlIjo5MDAwMDAwMDAwMDAsInJlYWQiOjkwMDAwMDAwMDAwMCwidXBkYXRlIjo5MDAwMDAwMDAwMDB9fQ==",
          "dependencies": [
            "scaleway_rdb_instance.main"
          ]
        }
      ]
    },
    {
      "mode": "managed",
      "type": "scaleway_rdb_instance",
      "name": "main",
      "provider": "provider[\"registry.terraform.io/scaleway/scaleway\"]",
      "instances": [
        {
          "schema_version": 0,
          "attributes": {
            "backup_same_region": false,
            "backup_schedule_frequency": 24,
            "backup_schedule_retention": 7,
            "certificate": "-----BEGIN CERTIFICATE-----\nMIID+zCCAuOgAwIBAgIUVc4lelcnyXVIPnL7PXeQuQBGcUQwDQYJKoZIhvcNAQEL\nBQAwgYcxCzAJBgNVBAYTAkZSMQ4wDAYDVQQIDAVQYXJpczEOMAwGA1UEBwwFUGFy\naXMxETAPBgNVBAoMCFNjYWxld2F5MUUwQwYDVQQDDDxydy1kNTBlMTI0YS1lNWNi\nLTRlOTMtOTI2OC0xM2I2MGZkOGIwNDIucmRiLmZyLXBhci5zY3cuY2xvdWQwHhcN\nMjIxMDI3MTE0ODE0WhcNMzIxMDI0MTE0ODE0WjCBhzELMAkGA1UEBhMCRlIxDjAM\nBgNVBAgMBVBhcmlzMQ4wDAYDVQQHDAVQYXJpczERMA8GA1UECgwIU2NhbGV3YXkx\nRTBDBgNVBAMMPHJ3LWQ1MGUxMjRhLWU1Y2ItNGU5My05MjY4LTEzYjYwZmQ4YjA0\nMi5yZGIuZnItcGFyLnNjdy5jbG91ZDCCASIwDQYJKoZIhvcNAQEBBQADggEPADCC\nAQoCggEBAL8Wa7mMh9KipKLXivb3Xbndkjupt6fhI6OK/nZFXnHVG9yonuZhzwx7\n7lKJzFacoKIOosZ1pPjGCth2VE5FvEL3Yq+EZl8k5KPo4G0y+7sehnuP01WxTsIT\n4jEKT9AdktJ6PDtyl6CjLPWLuBte8oXNOqX9uzQKFC3pzX5zO2E4o+0ljPFtmg7M\nDUfjey0nHHdG5m6vND4ZZU8WOiGe+orURbh0dnfIEvVF2i2QwhS3FSYV4upXYMsr\nWW644a8+segKp7IpXqP8M0dvio6g3DCM09qiASrkmHSBl56U0dL8rODLnER8HnSK\nc9HlnafnmDgoAi3ooVLXrwT6PmujKAsCAwEAAaNdMFswWQYDVR0RBFIwUII8cnct\nZDUwZTEyNGEtZTVjYi00ZTkzLTkyNjgtMTNiNjBmZDhiMDQyLnJkYi5mci1wYXIu\nc2N3LmNsb3VkhwQzD/iQhwQzD9mshwQznjnYMA0GCSqGSIb3DQEBCwUAA4IBAQBM\n5MB8p7rX+vFHtyN7UrUCW/jFhwzo0ao36UDRAEfqEclXG8ajr0jqx9kfIedVBbxF\nArGfUQ0BMx0b3gsOBdCdJs2WCWxXaMN+NTd8mBPAB5HB+BvgkAkhgMuW2MXO2jk5\nrcMqfaAYhcLBs8aek2o5F3/k/VhK9ubjlbJYgCn4aGP3l/PrV/mezyjcTj32urUm\noCU4ao2yvVsFNcFBpjeMA1MLsGr6ex805pzqwdkFeaj0ciRPmquAX113QFx6AhCA\nI1/jt2UancHqxeg72jAuEYibUbJAFyaxLjrk/IYk7i8YJi6vQzynaYkcQYQt2QQZ\nkl+K9Eni9nj2pox5Gt2h\n-----END CERTIFICATE-----\n",
            "disable_backup": true,
            "endpoint_ip": "51.158.57.216",
            "endpoint_port": 18561,
            "engine": "MySQL-8",
            "id": "fr-par/d50e124a-e5cb-4e93-9268-13b60fd8b042",
            "is_ha_cluster": true,
            "load_balancer": [
              {
                "endpoint_id": "1b2221bb-e9bd-45dd-90b3-7c025258bf6f",
                "hostname": "",
                "ip": "51.158.57.216",
                "name": "",
                "port": 18561
              }
            ],
            "name": "pvig-rdb",
            "node_type": "db-dev-s",
            "organization_id": "b90cf4f6-2921-4c23-b5b9-60a456590666",
            "password": "Azerty77!",
            "private_network": [],
            "project_id": "59972b2a-5ceb-447d-9266-ef00f9591ce1",
            "read_replicas": [],
            "region": "fr-par",
            "settings": {
              "max_connections": "100"
            },
            "tags": null,
            "timeouts": null,
            "user_name": "pvig",
            "volume_size_in_gb": 5,
            "volume_type": "lssd"
          },
          "sensitive_attributes": [],
          "private": "eyJlMmJmYjczMC1lY2FhLTExZTYtOGY4OC0zNDM2M2JjN2M0YzAiOnsiY3JlYXRlIjo5MDAwMDAwMDAwMDAsImRlZmF1bHQiOjkwMDAwMDAwMDAwMCwiZGVsZXRlIjo5MDAwMDAwMDAwMDAsInJlYWQiOjkwMDAwMDAwMDAwMCwidXBkYXRlIjo5MDAwMDAwMDAwMDB9fQ=="
        }
      ]
    },
    {
      "mode": "managed",
      "type": "scaleway_vpc_private_network",
      "name": "pvig_priv",
      "provider": "provider[\"registry.terraform.io/scaleway/scaleway\"]",
      "instances": [
        {
          "schema_version": 0,
          "attributes": {
            "created_at": "2022-10-27T12:32:19Z",
            "id": "fr-par-1/cdb64bc8-90da-4844-a89d-052700ec533c",
            "name": "pvig_subnet",
            "organization_id": "b90cf4f6-2921-4c23-b5b9-60a456590666",
            "project_id": "59972b2a-5ceb-447d-9266-ef00f9591ce1",
            "tags": [],
            "updated_at": "2022-10-27T12:32:19Z",
            "zone": "fr-par-1"
          },
          "sensitive_attributes": [],
          "private": "bnVsbA=="
        }
      ]
    }
  ],
  "check_results": []
}
