{
  "version": 4,
  "terraform_version": "1.3.3",
  "serial": 5,
  "lineage": "d9f0c820-69d3-fcf6-cf66-df5ca9964d8d",
  "outputs": {},
  "resources": [
    {
      "mode": "managed",
      "type": "scaleway_instance_server",
      "name": "web",
      "provider": "provider[\"registry.terraform.io/scaleway/scaleway\"]",
      "instances": [
        {
          "schema_version": 0,
          "attributes": {
            "additional_volume_ids": [
              "fr-par-1/6ff12c2d-0eb2-431e-8269-2789e76798ae"
            ],
            "boot_type": "local",
            "bootscript_id": "fdfe150f-a870-4ce4-b432-9f56b5b995c1",
            "cloud_init": null,
            "enable_dynamic_ip": false,
            "enable_ipv6": false,
            "id": "fr-par-1/d0b18d29-da36-4fa5-ab52-571b64e08b19",
            "image": "ubuntu_jammy",
            "ip_id": "",
            "ipv6_address": "",
            "ipv6_gateway": "",
            "ipv6_prefix_length": 0,
            "name": "pvig-ins",
            "organization_id": "b90cf4f6-2921-4c23-b5b9-60a456590666",
            "placement_group_id": null,
            "placement_group_policy_respected": null,
            "private_ip": "10.70.58.21",
            "private_network": [],
            "project_id": "59972b2a-5ceb-447d-9266-ef00f9591ce1",
            "public_ip": "",
            "root_volume": [
              {
                "boot": false,
                "delete_on_termination": false,
                "name": "ubuntu_22.04_jammy:volume-0",
                "size_in_gb": 20,
                "volume_id": "fr-par-1/3619b69c-bc69-4599-a7ba-dec1aecffc88",
                "volume_type": "l_ssd"
              }
            ],
            "security_group_id": "fr-par-1/93404355-edc5-426f-97d5-54d90661a318",
            "state": "started",
            "tags": null,
            "timeouts": null,
            "type": "DEV1-S",
            "user_data": null,
            "zone": "fr-par-1"
          },
          "sensitive_attributes": [],
          "private": "eyJlMmJmYjczMC1lY2FhLTExZTYtOGY4OC0zNDM2M2JjN2M0YzAiOnsiY3JlYXRlIjo2MDAwMDAwMDAwMDAsImRlZmF1bHQiOjYwMDAwMDAwMDAwMCwiZGVsZXRlIjo2MDAwMDAwMDAwMDAsInJlYWQiOjYwMDAwMDAwMDAwMCwidXBkYXRlIjo2MDAwMDAwMDAwMDB9fQ==",
          "dependencies": [
            "scaleway_instance_volume.data"
          ]
        }
      ]
    },
    {
      "mode": "managed",
      "type": "scaleway_instance_volume",
      "name": "data",
      "provider": "provider[\"registry.terraform.io/scaleway/scaleway\"]",
      "instances": [
        {
          "schema_version": 0,
          "attributes": {
            "from_snapshot_id": null,
            "from_volume_id": null,
            "id": "fr-par-1/6ff12c2d-0eb2-431e-8269-2789e76798ae",
            "name": "tf-vol-inspiring-gagarin",
            "organization_id": "b90cf4f6-2921-4c23-b5b9-60a456590666",
            "project_id": "59972b2a-5ceb-447d-9266-ef00f9591ce1",
            "server_id": "",
            "size_in_gb": 100,
            "tags": null,
            "timeouts": null,
            "type": "b_ssd",
            "zone": "fr-par-1"
          },
          "sensitive_attributes": [],
          "private": "eyJlMmJmYjczMC1lY2FhLTExZTYtOGY4OC0zNDM2M2JjN2M0YzAiOnsiY3JlYXRlIjo2MDAwMDAwMDAwMDAsImRlZmF1bHQiOjYwMDAwMDAwMDAwMCwiZGVsZXRlIjo2MDAwMDAwMDAwMDAsInJlYWQiOjYwMDAwMDAwMDAwMCwidXBkYXRlIjo2MDAwMDAwMDAwMDB9fQ=="
        }
      ]
    },
    {
      "mode": "managed",
      "type": "scaleway_rdb_database",
      "name": "main",
      "provider": "provider[\"registry.terraform.io/scaleway/scaleway\"]",
      "instances": [
        {
          "schema_version": 0,
          "attributes": {
            "id": "fr-par/d50e124a-e5cb-4e93-9268-13b60fd8b042/my-new-database",
            "instance_id": "fr-par/d50e124a-e5cb-4e93-9268-13b60fd8b042",
            "managed": true,
            "name": "my-new-database",
            "owner": "",
            "size": "0",
            "timeouts": null
          },
          "sensitive_attributes": [],
          "private": "eyJlMmJmYjczMC1lY2FhLTExZTYtOGY4OC0zNDM2M2JjN2M0YzAiOnsiY3JlYXRlIjo5MDAwMDAwMDAwMDAsImRlZmF1bHQiOjkwMDAwMDAwMDAwMCwiZGVsZXRlIjo5MDAwMDAwMDAwMDAsInJlYWQiOjkwMDAwMDAwMDAwMCwidXBkYXRlIjo5MDAwMDAwMDAwMDB9fQ==",
          "dependencies": [
            "scaleway_rdb_instance.main"
          ]
        }
      ]
    },
    {
      "mode": "managed",
      "type": "scaleway_rdb_instance",
      "name": "main",
      "provider": "provider[\"registry.terraform.io/scaleway/scaleway\"]",
      "instances": [
        {
          "schema_version": 0,
          "attributes": {
            "backup_same_region": false,
            "backup_schedule_frequency": 24,
            "backup_schedule_retention": 7,
            "certificate": "-----BEGIN CERTIFICATE-----\nMIID+zCCAuOgAwIBAgIUVc4lelcnyXVIPnL7PXeQuQBGcUQwDQYJKoZIhvcNAQEL\nBQAwgYcxCzAJBgNVBAYTAkZSMQ4wDAYDVQQIDAVQYXJpczEOMAwGA1UEBwwFUGFy\naXMxETAPBgNVBAoMCFNjYWxld2F5MUUwQwYDVQQDDDxydy1kNTBlMTI0YS1lNWNi\nLTRlOTMtOTI2OC0xM2I2MGZkOGIwNDIucmRiLmZyLXBhci5zY3cuY2xvdWQwHhcN\nMjIxMDI3MTE0ODE0WhcNMzIxMDI0MTE0ODE0WjCBhzELMAkGA1UEBhMCRlIxDjAM\nBgNVBAgMBVBhcmlzMQ4wDAYDVQQHDAVQYXJpczERMA8GA1UECgwIU2NhbGV3YXkx\nRTBDBgNVBAMMPHJ3LWQ1MGUxMjRhLWU1Y2ItNGU5My05MjY4LTEzYjYwZmQ4YjA0\nMi5yZGIuZnItcGFyLnNjdy5jbG91ZDCCASIwDQYJKoZIhvcNAQEBBQADggEPADCC\nAQoCggEBAL8Wa7mMh9KipKLXivb3Xbndkjupt6fhI6OK/nZFXnHVG9yonuZhzwx7\n7lKJzFacoKIOosZ1pPjGCth2VE5FvEL3Yq+EZl8k5KPo4G0y+7sehnuP01WxTsIT\n4jEKT9AdktJ6PDtyl6CjLPWLuBte8oXNOqX9uzQKFC3pzX5zO2E4o+0ljPFtmg7M\nDUfjey0nHHdG5m6vND4ZZU8WOiGe+orURbh0dnfIEvVF2i2QwhS3FSYV4upXYMsr\nWW644a8+segKp7IpXqP8M0dvio6g3DCM09qiASrkmHSBl56U0dL8rODLnER8HnSK\nc9HlnafnmDgoAi3ooVLXrwT6PmujKAsCAwEAAaNdMFswWQYDVR0RBFIwUII8cnct\nZDUwZTEyNGEtZTVjYi00ZTkzLTkyNjgtMTNiNjBmZDhiMDQyLnJkYi5mci1wYXIu\nc2N3LmNsb3VkhwQzD/iQhwQzD9mshwQznjnYMA0GCSqGSIb3DQEBCwUAA4IBAQBM\n5MB8p7rX+vFHtyN7UrUCW/jFhwzo0ao36UDRAEfqEclXG8ajr0jqx9kfIedVBbxF\nArGfUQ0BMx0b3gsOBdCdJs2WCWxXaMN+NTd8mBPAB5HB+BvgkAkhgMuW2MXO2jk5\nrcMqfaAYhcLBs8aek2o5F3/k/VhK9ubjlbJYgCn4aGP3l/PrV/mezyjcTj32urUm\noCU4ao2yvVsFNcFBpjeMA1MLsGr6ex805pzqwdkFeaj0ciRPmquAX113QFx6AhCA\nI1/jt2UancHqxeg72jAuEYibUbJAFyaxLjrk/IYk7i8YJi6vQzynaYkcQYQt2QQZ\nkl+K9Eni9nj2pox5Gt2h\n-----END CERTIFICATE-----\n",
            "disable_backup": true,
            "endpoint_ip": "51.158.57.216",
            "endpoint_port": 18561,
            "engine": "MySQL-8",
            "id": "fr-par/d50e124a-e5cb-4e93-9268-13b60fd8b042",
            "is_ha_cluster": true,
            "load_balancer": [
              {
                "endpoint_id": "1b2221bb-e9bd-45dd-90b3-7c025258bf6f",
                "hostname": "",
                "ip": "51.158.57.216",
                "name": "",
                "port": 18561
              }
            ],
            "name": "pvig-rdb",
            "node_type": "db-dev-s",
            "organization_id": "b90cf4f6-2921-4c23-b5b9-60a456590666",
            "password": "Azerty77!",
            "private_network": [],
            "project_id": "59972b2a-5ceb-447d-9266-ef00f9591ce1",
            "read_replicas": [],
            "region": "fr-par",
            "settings": {
              "max_connections": "100"
            },
            "tags": null,
            "timeouts": null,
            "user_name": "pvig",
            "volume_size_in_gb": 5,
            "volume_type": "lssd"
          },
          "sensitive_attributes": [],
          "private": "eyJlMmJmYjczMC1lY2FhLTExZTYtOGY4OC0zNDM2M2JjN2M0YzAiOnsiY3JlYXRlIjo5MDAwMDAwMDAwMDAsImRlZmF1bHQiOjkwMDAwMDAwMDAwMCwiZGVsZXRlIjo5MDAwMDAwMDAwMDAsInJlYWQiOjkwMDAwMDAwMDAwMCwidXBkYXRlIjo5MDAwMDAwMDAwMDB9fQ=="
        }
      ]
    }
  ],
  "check_results": []
}
