{
  "version": 4,
  "terraform_version": "1.3.3",
  "serial": 23,
  "lineage": "3dceda09-a7fe-50b6-65a6-267c1d13dba0",
  "outputs": {},
  "resources": [
    {
      "mode": "managed",
      "type": "scaleway_instance_server",
      "name": "iso",
      "provider": "provider[\"registry.terraform.io/scaleway/scaleway\"]",
      "instances": [
        {
          "schema_version": 0,
          "attributes": {
            "additional_volume_ids": [],
            "boot_type": "local",
            "bootscript_id": "fdfe150f-a870-4ce4-b432-9f56b5b995c1",
            "cloud_init": null,
            "enable_dynamic_ip": false,
            "enable_ipv6": false,
            "id": "fr-par-1/9ed2a11a-6307-4d06-82bc-624ca5837958",
            "image": "ubuntu_jammy",
            "ip_id": "",
            "ipv6_address": "",
            "ipv6_gateway": "",
            "ipv6_prefix_length": 0,
            "name": "pvig-ins-isolated",
            "organization_id": "b90cf4f6-2921-4c23-b5b9-60a456590666",
            "placement_group_id": null,
            "placement_group_policy_respected": null,
            "private_ip": "10.74.40.21",
            "private_network": [
              {
                "mac_address": "02:00:00:11:90:79",
                "pn_id": "fr-par-1/70ec3c3d-4851-47ef-bd5f-f4ed1b22cd8d",
                "status": "available",
                "zone": "fr-par-1"
              }
            ],
            "project_id": "59972b2a-5ceb-447d-9266-ef00f9591ce1",
            "public_ip": "",
            "root_volume": [
              {
                "boot": false,
                "delete_on_termination": false,
                "name": "ubuntu_22.04_jammy:volume-0",
                "size_in_gb": 20,
                "volume_id": "fr-par-1/181fe6e2-8e2d-471b-9c34-c8ad8130608b",
                "volume_type": "l_ssd"
              }
            ],
            "security_group_id": "fr-par-1/93404355-edc5-426f-97d5-54d90661a318",
            "state": "started",
            "tags": null,
            "timeouts": null,
            "type": "DEV1-S",
            "user_data": null,
            "zone": "fr-par-1"
          },
          "sensitive_attributes": [],
          "private": "eyJlMmJmYjczMC1lY2FhLTExZTYtOGY4OC0zNDM2M2JjN2M0YzAiOnsiY3JlYXRlIjo2MDAwMDAwMDAwMDAsImRlZmF1bHQiOjYwMDAwMDAwMDAwMCwiZGVsZXRlIjo2MDAwMDAwMDAwMDAsInJlYWQiOjYwMDAwMDAwMDAwMCwidXBkYXRlIjo2MDAwMDAwMDAwMDB9fQ==",
          "dependencies": [
            "scaleway_vpc_private_network.iso_priv"
          ]
        }
      ]
    },
    {
      "mode": "managed",
      "type": "scaleway_instance_server",
      "name": "main",
      "provider": "provider[\"registry.terraform.io/scaleway/scaleway\"]",
      "instances": [
        {
          "index_key": 0,
          "schema_version": 0,
          "attributes": {
            "additional_volume_ids": [],
            "boot_type": "local",
            "bootscript_id": "fdfe150f-a870-4ce4-b432-9f56b5b995c1",
            "cloud_init": null,
            "enable_dynamic_ip": false,
            "enable_ipv6": false,
            "id": "fr-par-1/83d43ae0-1745-4e9e-8dd2-ff0152354b09",
            "image": "ubuntu_jammy",
            "ip_id": "",
            "ipv6_address": "",
            "ipv6_gateway": "",
            "ipv6_prefix_length": 0,
            "name": "pvig-ins-1",
            "organization_id": "b90cf4f6-2921-4c23-b5b9-60a456590666",
            "placement_group_id": null,
            "placement_group_policy_respected": null,
            "private_ip": "10.71.24.125",
            "private_network": [
              {
                "mac_address": "02:00:00:11:90:76",
                "pn_id": "fr-par-1/5181b36e-e7d5-4ccd-b298-15c38dab7834",
                "status": "available",
                "zone": "fr-par-1"
              }
            ],
            "project_id": "59972b2a-5ceb-447d-9266-ef00f9591ce1",
            "public_ip": "",
            "root_volume": [
              {
                "boot": false,
                "delete_on_termination": false,
                "name": "ubuntu_22.04_jammy:volume-0",
                "size_in_gb": 20,
                "volume_id": "fr-par-1/74a62b33-cdf8-404f-aa78-852828f7d72e",
                "volume_type": "l_ssd"
              }
            ],
            "security_group_id": "fr-par-1/93404355-edc5-426f-97d5-54d90661a318",
            "state": "started",
            "tags": null,
            "timeouts": null,
            "type": "DEV1-S",
            "user_data": null,
            "zone": "fr-par-1"
          },
          "sensitive_attributes": [],
          "private": "eyJlMmJmYjczMC1lY2FhLTExZTYtOGY4OC0zNDM2M2JjN2M0YzAiOnsiY3JlYXRlIjo2MDAwMDAwMDAwMDAsImRlZmF1bHQiOjYwMDAwMDAwMDAwMCwiZGVsZXRlIjo2MDAwMDAwMDAwMDAsInJlYWQiOjYwMDAwMDAwMDAwMCwidXBkYXRlIjo2MDAwMDAwMDAwMDB9fQ==",
          "dependencies": [
            "scaleway_vpc_private_network.pvig_priv"
          ]
        },
        {
          "index_key": 1,
          "schema_version": 0,
          "attributes": {
            "additional_volume_ids": [],
            "boot_type": "local",
            "bootscript_id": "fdfe150f-a870-4ce4-b432-9f56b5b995c1",
            "cloud_init": null,
            "enable_dynamic_ip": false,
            "enable_ipv6": false,
            "id": "fr-par-1/8e91994e-1cfe-4619-925c-4946d0f7a369",
            "image": "ubuntu_jammy",
            "ip_id": "",
            "ipv6_address": "",
            "ipv6_gateway": "",
            "ipv6_prefix_length": 0,
            "name": "pvig-ins-2",
            "organization_id": "b90cf4f6-2921-4c23-b5b9-60a456590666",
            "placement_group_id": null,
            "placement_group_policy_respected": null,
            "private_ip": "10.64.30.33",
            "private_network": [
              {
                "mac_address": "02:00:00:11:90:77",
                "pn_id": "fr-par-1/5181b36e-e7d5-4ccd-b298-15c38dab7834",
                "status": "available",
                "zone": "fr-par-1"
              }
            ],
            "project_id": "59972b2a-5ceb-447d-9266-ef00f9591ce1",
            "public_ip": "",
            "root_volume": [
              {
                "boot": false,
                "delete_on_termination": false,
                "name": "ubuntu_22.04_jammy:volume-0",
                "size_in_gb": 20,
                "volume_id": "fr-par-1/e74cb86f-0779-45e4-8ba0-d725b8ef0bb6",
                "volume_type": "l_ssd"
              }
            ],
            "security_group_id": "fr-par-1/93404355-edc5-426f-97d5-54d90661a318",
            "state": "started",
            "tags": null,
            "timeouts": null,
            "type": "DEV1-S",
            "user_data": null,
            "zone": "fr-par-1"
          },
          "sensitive_attributes": [],
          "private": "eyJlMmJmYjczMC1lY2FhLTExZTYtOGY4OC0zNDM2M2JjN2M0YzAiOnsiY3JlYXRlIjo2MDAwMDAwMDAwMDAsImRlZmF1bHQiOjYwMDAwMDAwMDAwMCwiZGVsZXRlIjo2MDAwMDAwMDAwMDAsInJlYWQiOjYwMDAwMDAwMDAwMCwidXBkYXRlIjo2MDAwMDAwMDAwMDB9fQ==",
          "dependencies": [
            "scaleway_vpc_private_network.pvig_priv"
          ]
        }
      ]
    },
    {
      "mode": "managed",
      "type": "scaleway_vpc_private_network",
      "name": "iso_priv",
      "provider": "provider[\"registry.terraform.io/scaleway/scaleway\"]",
      "instances": [
        {
          "schema_version": 0,
          "attributes": {
            "created_at": "2022-10-27T14:08:11Z",
            "id": "fr-par-1/70ec3c3d-4851-47ef-bd5f-f4ed1b22cd8d",
            "name": "pvig-subnet-isolated",
            "organization_id": "b90cf4f6-2921-4c23-b5b9-60a456590666",
            "project_id": "59972b2a-5ceb-447d-9266-ef00f9591ce1",
            "tags": [],
            "updated_at": "2022-10-27T14:08:11Z",
            "zone": "fr-par-1"
          },
          "sensitive_attributes": [],
          "private": "bnVsbA=="
        }
      ]
    },
    {
      "mode": "managed",
      "type": "scaleway_vpc_private_network",
      "name": "pvig_priv",
      "provider": "provider[\"registry.terraform.io/scaleway/scaleway\"]",
      "instances": [
        {
          "schema_version": 0,
          "attributes": {
            "created_at": "2022-10-27T14:03:52Z",
            "id": "fr-par-1/5181b36e-e7d5-4ccd-b298-15c38dab7834",
            "name": "pvig-subnet",
            "organization_id": "b90cf4f6-2921-4c23-b5b9-60a456590666",
            "project_id": "59972b2a-5ceb-447d-9266-ef00f9591ce1",
            "tags": [],
            "updated_at": "2022-10-27T14:03:52Z",
            "zone": "fr-par-1"
          },
          "sensitive_attributes": [],
          "private": "bnVsbA=="
        }
      ]
    }
  ],
  "check_results": []
}
