{
  "version": 4,
  "terraform_version": "1.3.3",
  "serial": 10,
  "lineage": "6a234684-713d-c5b0-7abe-062e60797390",
  "outputs": {},
  "resources": [
    {
      "mode": "managed",
      "type": "scaleway_instance_ip",
      "name": "pvig_ins_ip",
      "provider": "provider[\"registry.terraform.io/scaleway/scaleway\"]",
      "instances": [
        {
          "schema_version": 0,
          "attributes": {
            "address": "51.15.137.217",
            "id": "fr-par-1/4e819479-1845-49a6-a335-b037c8e424d8",
            "organization_id": "b90cf4f6-2921-4c23-b5b9-60a456590666",
            "project_id": "59972b2a-5ceb-447d-9266-ef00f9591ce1",
            "reverse": "",
            "server_id": "",
            "tags": null,
            "timeouts": null,
            "zone": "fr-par-1"
          },
          "sensitive_attributes": [],
          "private": "eyJlMmJmYjczMC1lY2FhLTExZTYtOGY4OC0zNDM2M2JjN2M0YzAiOnsiY3JlYXRlIjo2MDAwMDAwMDAwMCwiZGVmYXVsdCI6NjAwMDAwMDAwMDAsImRlbGV0ZSI6NjAwMDAwMDAwMDAsInJlYWQiOjYwMDAwMDAwMDAwLCJ1cGRhdGUiOjYwMDAwMDAwMDAwfX0="
        }
      ]
    },
    {
      "mode": "managed",
      "type": "scaleway_instance_security_group",
      "name": "pvig_sg",
      "provider": "provider[\"registry.terraform.io/scaleway/scaleway\"]",
      "instances": [
        {
          "schema_version": 0,
          "attributes": {
            "description": "",
            "enable_default_security": true,
            "external_rules": false,
            "id": "fr-par-1/112b5296-3896-4c34-a7a1-26f347c10c29",
            "inbound_default_policy": "drop",
            "inbound_rule": [
              {
                "action": "accept",
                "ip": "85.169.101.162",
                "ip_range": "",
                "port": 22,
                "port_range": "",
                "protocol": "TCP"
              }
            ],
            "name": "tf-sg-brave-einstein",
            "organization_id": "b90cf4f6-2921-4c23-b5b9-60a456590666",
            "outbound_default_policy": "accept",
            "outbound_rule": [],
            "project_id": "59972b2a-5ceb-447d-9266-ef00f9591ce1",
            "stateful": true,
            "tags": null,
            "timeouts": null,
            "zone": "fr-par-1"
          },
          "sensitive_attributes": [],
          "private": "eyJlMmJmYjczMC1lY2FhLTExZTYtOGY4OC0zNDM2M2JjN2M0YzAiOnsiY3JlYXRlIjo2MDAwMDAwMDAwMCwiZGVmYXVsdCI6NjAwMDAwMDAwMDAsImRlbGV0ZSI6NjAwMDAwMDAwMDAsInJlYWQiOjYwMDAwMDAwMDAwLCJ1cGRhdGUiOjYwMDAwMDAwMDAwfX0="
        }
      ]
    },
    {
      "mode": "managed",
      "type": "scaleway_instance_server",
      "name": "pvig_ins",
      "provider": "provider[\"registry.terraform.io/scaleway/scaleway\"]",
      "instances": [
        {
          "schema_version": 0,
          "attributes": {
            "additional_volume_ids": [
              "fr-par-1/75b9ddfa-3f13-411a-8b7a-ec2e17e47660"
            ],
            "boot_type": "local",
            "bootscript_id": "fdfe150f-a870-4ce4-b432-9f56b5b995c1",
            "cloud_init": null,
            "enable_dynamic_ip": false,
            "enable_ipv6": false,
            "id": "fr-par-1/abe43edb-7f53-4777-9162-d96e769bbf03",
            "image": "ubuntu_jammy",
            "ip_id": "fr-par-1/4e819479-1845-49a6-a335-b037c8e424d8",
            "ipv6_address": "",
            "ipv6_gateway": "",
            "ipv6_prefix_length": 0,
            "name": "pvig-ins",
            "organization_id": "b90cf4f6-2921-4c23-b5b9-60a456590666",
            "placement_group_id": null,
            "placement_group_policy_respected": null,
            "private_ip": "10.70.84.77",
            "private_network": [
              {
                "mac_address": "02:00:00:11:90:4c",
                "pn_id": "fr-par-1/befe65bb-994b-4b0f-98c6-9cd913bbb0eb",
                "status": "available",
                "zone": "fr-par-1"
              }
            ],
            "project_id": "59972b2a-5ceb-447d-9266-ef00f9591ce1",
            "public_ip": "51.15.137.217",
            "root_volume": [
              {
                "boot": false,
                "delete_on_termination": false,
                "name": "ubuntu_22.04_jammy:volume-0",
                "size_in_gb": 20,
                "volume_id": "fr-par-1/e750aebd-037d-485d-b884-4ea31233ff8d",
                "volume_type": "l_ssd"
              }
            ],
            "security_group_id": "fr-par-1/112b5296-3896-4c34-a7a1-26f347c10c29",
            "state": "started",
            "tags": null,
            "timeouts": null,
            "type": "DEV1-S",
            "user_data": null,
            "zone": "fr-par-1"
          },
          "sensitive_attributes": [],
          "private": "eyJlMmJmYjczMC1lY2FhLTExZTYtOGY4OC0zNDM2M2JjN2M0YzAiOnsiY3JlYXRlIjo2MDAwMDAwMDAwMDAsImRlZmF1bHQiOjYwMDAwMDAwMDAwMCwiZGVsZXRlIjo2MDAwMDAwMDAwMDAsInJlYWQiOjYwMDAwMDAwMDAwMCwidXBkYXRlIjo2MDAwMDAwMDAwMDB9fQ==",
          "dependencies": [
            "scaleway_instance_ip.pvig_ins_ip",
            "scaleway_instance_security_group.pvig_sg",
            "scaleway_instance_volume.data",
            "scaleway_vpc_private_network.pvig_priv"
          ]
        }
      ]
    },
    {
      "mode": "managed",
      "type": "scaleway_instance_volume",
      "name": "data",
      "provider": "provider[\"registry.terraform.io/scaleway/scaleway\"]",
      "instances": [
        {
          "schema_version": 0,
          "attributes": {
            "from_snapshot_id": null,
            "from_volume_id": null,
            "id": "fr-par-1/75b9ddfa-3f13-411a-8b7a-ec2e17e47660",
            "name": "tf-vol-gallant-maxwell",
            "organization_id": "b90cf4f6-2921-4c23-b5b9-60a456590666",
            "project_id": "59972b2a-5ceb-447d-9266-ef00f9591ce1",
            "server_id": "",
            "size_in_gb": 30,
            "tags": null,
            "timeouts": null,
            "type": "b_ssd",
            "zone": "fr-par-1"
          },
          "sensitive_attributes": [],
          "private": "eyJlMmJmYjczMC1lY2FhLTExZTYtOGY4OC0zNDM2M2JjN2M0YzAiOnsiY3JlYXRlIjo2MDAwMDAwMDAwMDAsImRlZmF1bHQiOjYwMDAwMDAwMDAwMCwiZGVsZXRlIjo2MDAwMDAwMDAwMDAsInJlYWQiOjYwMDAwMDAwMDAwMCwidXBkYXRlIjo2MDAwMDAwMDAwMDB9fQ=="
        }
      ]
    },
    {
      "mode": "managed",
      "type": "scaleway_rdb_database",
      "name": "main",
      "provider": "provider[\"registry.terraform.io/scaleway/scaleway\"]",
      "instances": []
    },
    {
      "mode": "managed",
      "type": "scaleway_rdb_instance",
      "name": "main",
      "provider": "provider[\"registry.terraform.io/scaleway/scaleway\"]",
      "instances": []
    },
    {
      "mode": "managed",
      "type": "scaleway_vpc_gateway_network",
      "name": "main",
      "provider": "provider[\"registry.terraform.io/scaleway/scaleway\"]",
      "instances": [
        {
          "schema_version": 0,
          "attributes": {
            "cleanup_dhcp": true,
            "created_at": "2022-10-27T13:35:39Z",
            "dhcp_id": "fr-par-1/c961ad57-b34a-41f1-9bd0-0189cd639506",
            "enable_dhcp": true,
            "enable_masquerade": true,
            "gateway_id": "fr-par-1/da439936-b32e-4d1b-8416-f84960634447",
            "id": "fr-par-1/f38b3df3-8ecd-4ed7-8a58-74dbebda3c17",
            "mac_address": "02:00:00:11:90:4a",
            "private_network_id": "fr-par-1/befe65bb-994b-4b0f-98c6-9cd913bbb0eb",
            "static_address": null,
            "timeouts": null,
            "updated_at": "2022-10-27T13:35:46Z",
            "zone": "fr-par-1"
          },
          "sensitive_attributes": [],
          "private": "eyJlMmJmYjczMC1lY2FhLTExZTYtOGY4OC0zNDM2M2JjN2M0YzAiOnsiY3JlYXRlIjo2MDAwMDAwMDAwMDAsImRlZmF1bHQiOjYwMDAwMDAwMDAwMCwiZGVsZXRlIjo2MDAwMDAwMDAwMDAsInJlYWQiOjYwMDAwMDAwMDAwMCwidXBkYXRlIjo2MDAwMDAwMDAwMDB9fQ==",
          "dependencies": [
            "scaleway_vpc_private_network.pvig_priv",
            "scaleway_vpc_public_gateway.main",
            "scaleway_vpc_public_gateway_dhcp.main",
            "scaleway_vpc_public_gateway_ip.main"
          ]
        }
      ]
    },
    {
      "mode": "managed",
      "type": "scaleway_vpc_private_network",
      "name": "pvig_priv",
      "provider": "provider[\"registry.terraform.io/scaleway/scaleway\"]",
      "instances": [
        {
          "schema_version": 0,
          "attributes": {
            "created_at": "2022-10-27T13:35:32Z",
            "id": "fr-par-1/befe65bb-994b-4b0f-98c6-9cd913bbb0eb",
            "name": "pvig_subnet",
            "organization_id": "b90cf4f6-2921-4c23-b5b9-60a456590666",
            "project_id": "59972b2a-5ceb-447d-9266-ef00f9591ce1",
            "tags": null,
            "updated_at": "2022-10-27T13:35:32Z",
            "zone": "fr-par-1"
          },
          "sensitive_attributes": [],
          "private": "bnVsbA=="
        }
      ]
    },
    {
      "mode": "managed",
      "type": "scaleway_vpc_public_gateway",
      "name": "main",
      "provider": "provider[\"registry.terraform.io/scaleway/scaleway\"]",
      "instances": [
        {
          "schema_version": 0,
          "attributes": {
            "bastion_enabled": false,
            "bastion_port": 61000,
            "created_at": "2022-10-27T13:35:34Z",
            "enable_smtp": false,
            "id": "fr-par-1/da439936-b32e-4d1b-8416-f84960634447",
            "ip_id": "fr-par-1/1756b866-690d-44bf-85d4-e252c738136e",
            "name": "pvig-gw",
            "organization_id": "b90cf4f6-2921-4c23-b5b9-60a456590666",
            "project_id": "59972b2a-5ceb-447d-9266-ef00f9591ce1",
            "tags": null,
            "timeouts": null,
            "type": "VPC-GW-S",
            "updated_at": "2022-10-27T13:35:34Z",
            "upstream_dns_servers": null,
            "zone": "fr-par-1"
          },
          "sensitive_attributes": [],
          "private": "eyJlMmJmYjczMC1lY2FhLTExZTYtOGY4OC0zNDM2M2JjN2M0YzAiOnsiY3JlYXRlIjo2MDAwMDAwMDAwMDAsImRlZmF1bHQiOjYwMDAwMDAwMDAwMCwiZGVsZXRlIjo2MDAwMDAwMDAwMDAsInJlYWQiOjYwMDAwMDAwMDAwMCwidXBkYXRlIjo2MDAwMDAwMDAwMDB9fQ==",
          "dependencies": [
            "scaleway_vpc_public_gateway_ip.main"
          ]
        }
      ]
    },
    {
      "mode": "managed",
      "type": "scaleway_vpc_public_gateway_dhcp",
      "name": "main",
      "provider": "provider[\"registry.terraform.io/scaleway/scaleway\"]",
      "instances": [
        {
          "schema_version": 0,
          "attributes": {
            "address": "10.100.14.1",
            "created_at": "2022-10-27T13:35:32Z",
            "dns_local_name": "priv",
            "dns_search": [],
            "dns_servers_override": [],
            "enable_dynamic": true,
            "id": "fr-par-1/c961ad57-b34a-41f1-9bd0-0189cd639506",
            "organization_id": "b90cf4f6-2921-4c23-b5b9-60a456590666",
            "pool_high": "10.100.14.254",
            "pool_low": "10.100.14.2",
            "project_id": "59972b2a-5ceb-447d-9266-ef00f9591ce1",
            "push_default_route": true,
            "push_dns_server": true,
            "rebind_timer": 3060,
            "renew_timer": 3000,
            "subnet": "10.100.14.0/24",
            "updated_at": "2022-10-27T13:35:32Z",
            "valid_lifetime": 3600,
            "zone": "fr-par-1"
          },
          "sensitive_attributes": [],
          "private": "bnVsbA=="
        }
      ]
    },
    {
      "mode": "managed",
      "type": "scaleway_vpc_public_gateway_ip",
      "name": "main",
      "provider": "provider[\"registry.terraform.io/scaleway/scaleway\"]",
      "instances": [
        {
          "schema_version": 0,
          "attributes": {
            "address": "51.15.135.104",
            "created_at": "2022-10-27T13:35:34Z",
            "id": "fr-par-1/1756b866-690d-44bf-85d4-e252c738136e",
            "organization_id": "b90cf4f6-2921-4c23-b5b9-60a456590666",
            "project_id": "59972b2a-5ceb-447d-9266-ef00f9591ce1",
            "reverse": "104-135-15-51.instances.scw.cloud",
            "tags": null,
            "updated_at": "2022-10-27T13:35:34Z",
            "zone": "fr-par-1"
          },
          "sensitive_attributes": [],
          "private": "bnVsbA=="
        }
      ]
    },
    {
      "mode": "managed",
      "type": "scaleway_vpc_public_gateway_pat_rule",
      "name": "main",
      "provider": "provider[\"registry.terraform.io/scaleway/scaleway\"]",
      "instances": []
    }
  ],
  "check_results": null
}
